{
  "lockfileVersion": 1,
  "configVersion": 1,
  "workspaces": {
    "": {
      "name": "whats-kept-in-time",
      "dependencies": {
        "sprucecss": "^2.3.4",
      },
    },
  },
  "packages": {
    "sprucecss": ["sprucecss@2.3.4", "", {}, "sha512-GvOLoor9PRnjJ6x+4YcWn2azEIUs/EmhO16GXqeO+BbeX29I0CZY1zzZhX6SH7W8llQhFQcy8oTg7nAkt9KKSQ=="],
  }
}
